
Microsoft Visual Studio Solution File, Format Version 12.00
# Visual Studio 15
VisualStudioVersion = 15.0.28307.168
MinimumVisualStudioVersion = 10.0.40219.1
Project("{FAE04EC0-301F-11D3-BF4B-00C04F79EFBC}") = "Data", "Data\Data.csproj", "{FCC69ABB-9DA4-48B8-9B84-C748C642D818}"
EndProject
Project("{FAE04EC0-301F-11D3-BF4B-00C04F79EFBC}") = "Domain", "Domain\Domain.csproj", "{0FB1A517-E5BB-48F7-9D66-16730294BF82}"
EndProject
Project("{FAE04EC0-301F-11D3-BF4B-00C04F79EFBC}") = "Console", "Console\Console.csproj", "{6B01ED91-5252-4CD9-ACA7-49BB5BB50BE1}"
EndProject
Project("{FAE04EC0-301F-11D3-BF4B-00C04F79EFBC}") = "Service", "Service\Service.csproj", "{055707BA-8E0C-4DDA-96F6-AD01D5A15EF5}"
EndProject
Project("{FAE04EC0-301F-11D3-BF4B-00C04F79EFBC}") = "ServicePattern", "ServicePattern\ServicePattern.csproj", "{DC165F1B-F7DF-4EDB-A108-40A195032EE0}"
EndProject
Project("{FAE04EC0-301F-11D3-BF4B-00C04F79EFBC}") = "Web", "Web\Web.csproj", "{E86E7CB6-4879-442B-8784-C5293574CAE2}"
EndProject
Global
	GlobalSection(SolutionConfigurationPlatforms) = preSolution
		Debug|Any CPU = Debug|Any CPU
		Release|Any CPU = Release|Any CPU
	EndGlobalSection
	GlobalSection(ProjectConfigurationPlatforms) = postSolution
		{FCC69ABB-9DA4-48B8-9B84-C748C642D818}.Debug|Any CPU.ActiveCfg = Debug|Any CPU
		{FCC69ABB-9DA4-48B8-9B84-C748C642D818}.Debug|Any CPU.Build.0 = Debug|Any CPU
		{FCC69ABB-9DA4-48B8-9B84-C748C642D818}.Release|Any CPU.ActiveCfg = Release|Any CPU
		{FCC69ABB-9DA4-48B8-9B84-C748C642D818}.Release|Any CPU.Build.0 = Release|Any CPU
		{0FB1A517-E5BB-48F7-9D66-16730294BF82}.Debug|Any CPU.ActiveCfg = Debug|Any CPU
		{0FB1A517-E5BB-48F7-9D66-16730294BF82}.Debug|Any CPU.Build.0 = Debug|Any CPU
		{0FB1A517-E5BB-48F7-9D66-16730294BF82}.Release|Any CPU.ActiveCfg = Release|Any CPU
		{0FB1A517-E5BB-48F7-9D66-16730294BF82}.Release|Any CPU.Build.0 = Release|Any CPU
		{6B01ED91-5252-4CD9-ACA7-49BB5BB50BE1}.Debug|Any CPU.ActiveCfg = Debug|Any CPU
		{6B01ED91-5252-4CD9-ACA7-49BB5BB50BE1}.Debug|Any CPU.Build.0 = Debug|Any CPU
		{6B01ED91-5252-4CD9-ACA7-49BB5BB50BE1}.Release|Any CPU.ActiveCfg = Release|Any CPU
		{6B01ED91-5252-4CD9-ACA7-49BB5BB50BE1}.Release|Any CPU.Build.0 = Release|Any CPU
		{055707BA-8E0C-4DDA-96F6-AD01D5A15EF5}.Debug|Any CPU.ActiveCfg = Debug|Any CPU
		{055707BA-8E0C-4DDA-96F6-AD01D5A15EF5}.Debug|Any CPU.Build.0 = Debug|Any CPU
		{055707BA-8E0C-4DDA-96F6-AD01D5A15EF5}.Release|Any CPU.ActiveCfg = Release|Any CPU
		{055707BA-8E0C-4DDA-96F6-AD01D5A15EF5}.Release|Any CPU.Build.0 = Release|Any CPU
		{DC165F1B-F7DF-4EDB-A108-40A195032EE0}.Debug|Any CPU.ActiveCfg = Debug|Any CPU
		{DC165F1B-F7DF-4EDB-A108-40A195032EE0}.Debug|Any CPU.Build.0 = Debug|Any CPU
		{DC165F1B-F7DF-4EDB-A108-40A195032EE0}.Release|Any CPU.ActiveCfg = Release|Any CPU
		{DC165F1B-F7DF-4EDB-A108-40A195032EE0}.Release|Any CPU.Build.0 = Release|Any CPU
		{E86E7CB6-4879-442B-8784-C5293574CAE2}.Debug|Any CPU.ActiveCfg = Debug|Any CPU
		{E86E7CB6-4879-442B-8784-C5293574CAE2}.Debug|Any CPU.Build.0 = Debug|Any CPU
		{E86E7CB6-4879-442B-8784-C5293574CAE2}.Release|Any CPU.ActiveCfg = Release|Any CPU
		{E86E7CB6-4879-442B-8784-C5293574CAE2}.Release|Any CPU.Build.0 = Release|Any CPU
	EndGlobalSection
	GlobalSection(SolutionProperties) = preSolution
		HideSolutionNode = FALSE
	EndGlobalSection
	GlobalSection(ExtensibilityGlobals) = postSolution
		SolutionGuid = {35C45AA4-1EE6-4624-AB1F-E74712677C7D}
	EndGlobalSection
EndGlobal
